
Microsoft Visual Studio Solution File, Format Version 12.00
# Visual Studio 15
VisualStudioVersion = 15.0.27703.2026
MinimumVisualStudioVersion = 10.0.40219.1
Project("{9A19103F-16F7-4668-BE54-9A1E7A4F7556}") = "Algebra", "Algebra\Algebra.csproj", "{BB97A760-C89E-4E40-89AC-7BA0E8083B04}"
EndProject
Project("{2150E333-8FDC-42A3-9474-1A3956D46DE8}") = "02 Algebra", "02 Algebra", "{EF064DE6-8D26-4576-A2EC-2EBD3480831F}"
EndProject
Project("{9A19103F-16F7-4668-BE54-9A1E7A4F7556}") = "Algebra.Test", "Algebra.Test\Algebra.Test.csproj", "{DFC10639-F97C-4626-B999-74F517AEE2DF}"
EndProject
Project("{9A19103F-16F7-4668-BE54-9A1E7A4F7556}") = "AlgebraExam", "AlgebraExam\AlgebraExam.csproj", "{4B7EAAF4-9E8E-418B-80E8-0C862C3D9911}"
EndProject
Project("{9A19103F-16F7-4668-BE54-9A1E7A4F7556}") = "AlgebraExamTest", "AlgebraExamTest\AlgebraExamTest.csproj", "{0574E411-D891-4F1B-9550-CCDF208558E0}"
EndProject
Project("{2150E333-8FDC-42A3-9474-1A3956D46DE8}") = "01 Intro", "01 Intro", "{8C1830C8-8B2C-4D18-8183-7E4C1D43B994}"
EndProject
Project("{9A19103F-16F7-4668-BE54-9A1E7A4F7556}") = "Intro", "Intro\Intro.csproj", "{ED9DCCDE-7564-44FF-A3E2-235EC892E25C}"
EndProject
Project("{2150E333-8FDC-42A3-9474-1A3956D46DE8}") = "03 Conditions", "03 Conditions", "{8C66CD08-6BC0-4A49-B12A-27A2E20E28AA}"
EndProject
Project("{FAE04EC0-301F-11D3-BF4B-00C04F79EFBC}") = "Conditions", "Conditions\Conditions.csproj", "{D97E3446-E686-4BFB-8F46-D03CE8048766}"
EndProject
Project("{FAE04EC0-301F-11D3-BF4B-00C04F79EFBC}") = "ConditionsTest", "ConditionsTest\ConditionsTest.csproj", "{5E3B7853-A6AF-4E8B-93AB-6697759BA864}"
EndProject
Project("{FAE04EC0-301F-11D3-BF4B-00C04F79EFBC}") = "ConditionsExam", "ConditionsExam\ConditionsExam.csproj", "{F0C88B61-972D-41E1-8E84-51600808B5CA}"
EndProject
Project("{FAE04EC0-301F-11D3-BF4B-00C04F79EFBC}") = "ConsoleExamTest", "ConsoleExamTest\ConsoleExamTest.csproj", "{D8A46183-95E2-4D8B-A008-6A8F75CE2CF2}"
EndProject
Global
	GlobalSection(SolutionConfigurationPlatforms) = preSolution
		Debug|Any CPU = Debug|Any CPU
		Release|Any CPU = Release|Any CPU
	EndGlobalSection
	GlobalSection(ProjectConfigurationPlatforms) = postSolution
		{BB97A760-C89E-4E40-89AC-7BA0E8083B04}.Debug|Any CPU.ActiveCfg = Debug|Any CPU
		{BB97A760-C89E-4E40-89AC-7BA0E8083B04}.Debug|Any CPU.Build.0 = Debug|Any CPU
		{BB97A760-C89E-4E40-89AC-7BA0E8083B04}.Release|Any CPU.ActiveCfg = Release|Any CPU
		{BB97A760-C89E-4E40-89AC-7BA0E8083B04}.Release|Any CPU.Build.0 = Release|Any CPU
		{DFC10639-F97C-4626-B999-74F517AEE2DF}.Debug|Any CPU.ActiveCfg = Debug|Any CPU
		{DFC10639-F97C-4626-B999-74F517AEE2DF}.Debug|Any CPU.Build.0 = Debug|Any CPU
		{DFC10639-F97C-4626-B999-74F517AEE2DF}.Release|Any CPU.ActiveCfg = Release|Any CPU
		{DFC10639-F97C-4626-B999-74F517AEE2DF}.Release|Any CPU.Build.0 = Release|Any CPU
		{4B7EAAF4-9E8E-418B-80E8-0C862C3D9911}.Debug|Any CPU.ActiveCfg = Debug|Any CPU
		{4B7EAAF4-9E8E-418B-80E8-0C862C3D9911}.Debug|Any CPU.Build.0 = Debug|Any CPU
		{4B7EAAF4-9E8E-418B-80E8-0C862C3D9911}.Release|Any CPU.ActiveCfg = Release|Any CPU
		{4B7EAAF4-9E8E-418B-80E8-0C862C3D9911}.Release|Any CPU.Build.0 = Release|Any CPU
		{0574E411-D891-4F1B-9550-CCDF208558E0}.Debug|Any CPU.ActiveCfg = Debug|Any CPU
		{0574E411-D891-4F1B-9550-CCDF208558E0}.Debug|Any CPU.Build.0 = Debug|Any CPU
		{0574E411-D891-4F1B-9550-CCDF208558E0}.Release|Any CPU.ActiveCfg = Release|Any CPU
		{0574E411-D891-4F1B-9550-CCDF208558E0}.Release|Any CPU.Build.0 = Release|Any CPU
		{ED9DCCDE-7564-44FF-A3E2-235EC892E25C}.Debug|Any CPU.ActiveCfg = Debug|Any CPU
		{ED9DCCDE-7564-44FF-A3E2-235EC892E25C}.Debug|Any CPU.Build.0 = Debug|Any CPU
		{ED9DCCDE-7564-44FF-A3E2-235EC892E25C}.Release|Any CPU.ActiveCfg = Release|Any CPU
		{ED9DCCDE-7564-44FF-A3E2-235EC892E25C}.Release|Any CPU.Build.0 = Release|Any CPU
		{D97E3446-E686-4BFB-8F46-D03CE8048766}.Debug|Any CPU.ActiveCfg = Debug|Any CPU
		{D97E3446-E686-4BFB-8F46-D03CE8048766}.Debug|Any CPU.Build.0 = Debug|Any CPU
		{D97E3446-E686-4BFB-8F46-D03CE8048766}.Release|Any CPU.ActiveCfg = Release|Any CPU
		{D97E3446-E686-4BFB-8F46-D03CE8048766}.Release|Any CPU.Build.0 = Release|Any CPU
		{5E3B7853-A6AF-4E8B-93AB-6697759BA864}.Debug|Any CPU.ActiveCfg = Debug|Any CPU
		{5E3B7853-A6AF-4E8B-93AB-6697759BA864}.Debug|Any CPU.Build.0 = Debug|Any CPU
		{5E3B7853-A6AF-4E8B-93AB-6697759BA864}.Release|Any CPU.ActiveCfg = Release|Any CPU
		{5E3B7853-A6AF-4E8B-93AB-6697759BA864}.Release|Any CPU.Build.0 = Release|Any CPU
		{F0C88B61-972D-41E1-8E84-51600808B5CA}.Debug|Any CPU.ActiveCfg = Debug|Any CPU
		{F0C88B61-972D-41E1-8E84-51600808B5CA}.Debug|Any CPU.Build.0 = Debug|Any CPU
		{F0C88B61-972D-41E1-8E84-51600808B5CA}.Release|Any CPU.ActiveCfg = Release|Any CPU
		{F0C88B61-972D-41E1-8E84-51600808B5CA}.Release|Any CPU.Build.0 = Release|Any CPU
		{D8A46183-95E2-4D8B-A008-6A8F75CE2CF2}.Debug|Any CPU.ActiveCfg = Debug|Any CPU
		{D8A46183-95E2-4D8B-A008-6A8F75CE2CF2}.Debug|Any CPU.Build.0 = Debug|Any CPU
		{D8A46183-95E2-4D8B-A008-6A8F75CE2CF2}.Release|Any CPU.ActiveCfg = Release|Any CPU
		{D8A46183-95E2-4D8B-A008-6A8F75CE2CF2}.Release|Any CPU.Build.0 = Release|Any CPU
	EndGlobalSection
	GlobalSection(SolutionProperties) = preSolution
		HideSolutionNode = FALSE
	EndGlobalSection
	GlobalSection(NestedProjects) = preSolution
		{BB97A760-C89E-4E40-89AC-7BA0E8083B04} = {EF064DE6-8D26-4576-A2EC-2EBD3480831F}
		{DFC10639-F97C-4626-B999-74F517AEE2DF} = {EF064DE6-8D26-4576-A2EC-2EBD3480831F}
		{4B7EAAF4-9E8E-418B-80E8-0C862C3D9911} = {EF064DE6-8D26-4576-A2EC-2EBD3480831F}
		{0574E411-D891-4F1B-9550-CCDF208558E0} = {EF064DE6-8D26-4576-A2EC-2EBD3480831F}
		{ED9DCCDE-7564-44FF-A3E2-235EC892E25C} = {8C1830C8-8B2C-4D18-8183-7E4C1D43B994}
		{D97E3446-E686-4BFB-8F46-D03CE8048766} = {8C66CD08-6BC0-4A49-B12A-27A2E20E28AA}
		{5E3B7853-A6AF-4E8B-93AB-6697759BA864} = {8C66CD08-6BC0-4A49-B12A-27A2E20E28AA}
		{F0C88B61-972D-41E1-8E84-51600808B5CA} = {8C66CD08-6BC0-4A49-B12A-27A2E20E28AA}
		{D8A46183-95E2-4D8B-A008-6A8F75CE2CF2} = {8C66CD08-6BC0-4A49-B12A-27A2E20E28AA}
	EndGlobalSection
	GlobalSection(ExtensibilityGlobals) = postSolution
		SolutionGuid = {F1AC2CC9-79FC-4A96-A007-EC58785E7572}
	EndGlobalSection
EndGlobal
